
Microsoft Visual Studio Solution File, Format Version 12.00
# Visual Studio Express 2013 for Windows Desktop
VisualStudioVersion = 12.0.21005.1
MinimumVisualStudioVersion = 10.0.40219.1
Project("{FAE04EC0-301F-11D3-BF4B-00C04F79EFBC}") = "XmlEdit", "Core\XmlEdit.csproj", "{63D7882E-362B-4A37-BFD3-9CA90033A899}"
EndProject
Project("{FAE04EC0-301F-11D3-BF4B-00C04F79EFBC}") = "UnitTestProject1", "UnitTestProject1\UnitTestProject1.csproj", "{648353CD-CF5F-4E07-B95A-B3429C7A84DF}"
EndProject
Project("{F184B08F-C81C-45F6-A57F-5ABD9991F28F}") = "Sandbox", "Sandbox\Sandbox.vbproj", "{CBCC31C1-4B9F-4504-9A4D-2C5A0F2ABAB8}"
EndProject
Global
	GlobalSection(SolutionConfigurationPlatforms) = preSolution
		Debug|Any CPU = Debug|Any CPU
		Release|Any CPU = Release|Any CPU
	EndGlobalSection
	GlobalSection(ProjectConfigurationPlatforms) = postSolution
		{63D7882E-362B-4A37-BFD3-9CA90033A899}.Debug|Any CPU.ActiveCfg = Debug|Any CPU
		{63D7882E-362B-4A37-BFD3-9CA90033A899}.Debug|Any CPU.Build.0 = Debug|Any CPU
		{63D7882E-362B-4A37-BFD3-9CA90033A899}.Release|Any CPU.ActiveCfg = Release|Any CPU
		{63D7882E-362B-4A37-BFD3-9CA90033A899}.Release|Any CPU.Build.0 = Release|Any CPU
		{648353CD-CF5F-4E07-B95A-B3429C7A84DF}.Debug|Any CPU.ActiveCfg = Debug|Any CPU
		{648353CD-CF5F-4E07-B95A-B3429C7A84DF}.Debug|Any CPU.Build.0 = Debug|Any CPU
		{648353CD-CF5F-4E07-B95A-B3429C7A84DF}.Release|Any CPU.ActiveCfg = Release|Any CPU
		{648353CD-CF5F-4E07-B95A-B3429C7A84DF}.Release|Any CPU.Build.0 = Release|Any CPU
		{CBCC31C1-4B9F-4504-9A4D-2C5A0F2ABAB8}.Debug|Any CPU.ActiveCfg = Debug|Any CPU
		{CBCC31C1-4B9F-4504-9A4D-2C5A0F2ABAB8}.Debug|Any CPU.Build.0 = Debug|Any CPU
		{CBCC31C1-4B9F-4504-9A4D-2C5A0F2ABAB8}.Release|Any CPU.ActiveCfg = Release|Any CPU
		{CBCC31C1-4B9F-4504-9A4D-2C5A0F2ABAB8}.Release|Any CPU.Build.0 = Release|Any CPU
	EndGlobalSection
	GlobalSection(SolutionProperties) = preSolution
		HideSolutionNode = FALSE
	EndGlobalSection
EndGlobal
